
Microsoft Visual Studio Solution File, Format Version 12.00
# Visual Studio Version 17
VisualStudioVersion = 17.5.002.0
MinimumVisualStudioVersion = 10.0.40219.1
Project("{9A19103F-16F7-4668-BE54-9A1E7A4F7556}") = "MarvelSnapProject", "MarvelSnapProject.csproj", "{165A2542-5AC8-4424-8F0C-5C8E5341DFA5}"
EndProject
Global
	GlobalSection(SolutionConfigurationPlatforms) = preSolution
		Debug|Any CPU = Debug|Any CPU
		Release|Any CPU = Release|Any CPU
	EndGlobalSection
	GlobalSection(ProjectConfigurationPlatforms) = postSolution
		{165A2542-5AC8-4424-8F0C-5C8E5341DFA5}.Debug|Any CPU.ActiveCfg = Debug|Any CPU
		{165A2542-5AC8-4424-8F0C-5C8E5341DFA5}.Debug|Any CPU.Build.0 = Debug|Any CPU
		{165A2542-5AC8-4424-8F0C-5C8E5341DFA5}.Release|Any CPU.ActiveCfg = Release|Any CPU
		{165A2542-5AC8-4424-8F0C-5C8E5341DFA5}.Release|Any CPU.Build.0 = Release|Any CPU
	EndGlobalSection
	GlobalSection(SolutionProperties) = preSolution
		HideSolutionNode = FALSE
	EndGlobalSection
	GlobalSection(ExtensibilityGlobals) = postSolution
		SolutionGuid = {146644E6-5E83-4ED1-93C1-5D7F5C098345}
	EndGlobalSection
EndGlobal
